
Microsoft Visual Studio Solution File, Format Version 12.00
# Visual Studio Version 17
VisualStudioVersion = 17.4.33213.308
MinimumVisualStudioVersion = 10.0.40219.1
Project("{FAE04EC0-301F-11D3-BF4B-00C04F79EFBC}") = "UroTaxi", "UroTaxi\UroTaxi.csproj", "{248C9B5E-7E43-44DF-AEB5-5D866EC265ED}"
EndProject
Global
	GlobalSection(SolutionConfigurationPlatforms) = preSolution
		Debug|Any CPU = Debug|Any CPU
		Release|Any CPU = Release|Any CPU
	EndGlobalSection
	GlobalSection(ProjectConfigurationPlatforms) = postSolution
		{248C9B5E-7E43-44DF-AEB5-5D866EC265ED}.Debug|Any CPU.ActiveCfg = Debug|Any CPU
		{248C9B5E-7E43-44DF-AEB5-5D866EC265ED}.Debug|Any CPU.Build.0 = Debug|Any CPU
		{248C9B5E-7E43-44DF-AEB5-5D866EC265ED}.Release|Any CPU.ActiveCfg = Release|Any CPU
		{248C9B5E-7E43-44DF-AEB5-5D866EC265ED}.Release|Any CPU.Build.0 = Release|Any CPU
	EndGlobalSection
	GlobalSection(SolutionProperties) = preSolution
		HideSolutionNode = FALSE
	EndGlobalSection
	GlobalSection(ExtensibilityGlobals) = postSolution
		SolutionGuid = {531D2F4A-645E-4B92-AE87-203BBE67C560}
	EndGlobalSection
EndGlobal
